
Microsoft Visual Studio Solution File, Format Version 12.00
# Visual Studio Version 17
VisualStudioVersion = 17.8.34309.116
MinimumVisualStudioVersion = 10.0.40219.1
Project("{FAE04EC0-301F-11D3-BF4B-00C04F79EFBC}") = "JetStudyProject", "JetStudyProject\JetStudyProject.csproj", "{1EE871AF-30B8-4A7F-B737-809BE0499FC1}"
EndProject
Global
	GlobalSection(SolutionConfigurationPlatforms) = preSolution
		Debug|Any CPU = Debug|Any CPU
		Release|Any CPU = Release|Any CPU
	EndGlobalSection
	GlobalSection(ProjectConfigurationPlatforms) = postSolution
		{1EE871AF-30B8-4A7F-B737-809BE0499FC1}.Debug|Any CPU.ActiveCfg = Debug|Any CPU
		{1EE871AF-30B8-4A7F-B737-809BE0499FC1}.Debug|Any CPU.Build.0 = Debug|Any CPU
		{1EE871AF-30B8-4A7F-B737-809BE0499FC1}.Release|Any CPU.ActiveCfg = Release|Any CPU
		{1EE871AF-30B8-4A7F-B737-809BE0499FC1}.Release|Any CPU.Build.0 = Release|Any CPU
	EndGlobalSection
	GlobalSection(SolutionProperties) = preSolution
		HideSolutionNode = FALSE
	EndGlobalSection
	GlobalSection(ExtensibilityGlobals) = postSolution
		SolutionGuid = {4C56103B-D18A-4471-8041-E110DAA04E28}
	EndGlobalSection
EndGlobal
